
Microsoft Visual Studio Solution File, Format Version 12.00
# Visual Studio Version 17
VisualStudioVersion = 17.0.31903.59
MinimumVisualStudioVersion = 10.0.40219.1
Project("{FAE04EC0-301F-11D3-BF4B-00C04F79EFBC}") = "ClassLibrary1", "ClassLibrary1\ClassLibrary1.csproj", "{9DA146D7-244E-45DC-8B7F-1DBB3F971F85}"
EndProject
Global
	GlobalSection(SolutionConfigurationPlatforms) = preSolution
		Debug|Any CPU = Debug|Any CPU
		Release|Any CPU = Release|Any CPU
	EndGlobalSection
	GlobalSection(ProjectConfigurationPlatforms) = postSolution
		{9DA146D7-244E-45DC-8B7F-1DBB3F971F85}.Debug|Any CPU.ActiveCfg = Debug|Any CPU
		{9DA146D7-244E-45DC-8B7F-1DBB3F971F85}.Debug|Any CPU.Build.0 = Debug|Any CPU
		{9DA146D7-244E-45DC-8B7F-1DBB3F971F85}.Release|Any CPU.ActiveCfg = Release|Any CPU
		{9DA146D7-244E-45DC-8B7F-1DBB3F971F85}.Release|Any CPU.Build.0 = Release|Any CPU
	EndGlobalSection
	GlobalSection(SolutionProperties) = preSolution
		HideSolutionNode = FALSE
	EndGlobalSection
	GlobalSection(ExtensibilityGlobals) = postSolution
		SolutionGuid = {590ABFD8-3511-430A-97B8-5FC22D8C50C9}
	EndGlobalSection
EndGlobal
